{
    "name": "rod-js-bench",
    "version": "0.1.0",
    "lockfileVersion": 3,
    "requires": true,
    "packages": {
        "": {
            "name": "rod-js-bench",
            "version": "0.1.0",
            "dependencies": {
                "mitata": "^0.1.11",
                "rod-js": "file:..",
                "zod": "^3.23.0"
            }
        },
        "..": {
            "name": "rod-js",
            "version": "0.2.0",
            "devDependencies": {
                "typescript": "^5.0.0"
            }
        },
        "node_modules/mitata": {
            "version": "0.1.14",
            "resolved": "https://registry.npmjs.org/mitata/-/mitata-0.1.14.tgz",
            "integrity": "sha512-8kRs0l636eT4jj68PFXOR2D5xl4m56T478g16SzUPOYgkzQU+xaw62guAQxzBPm+SXb15GQi1cCpDxJfkr4CSA==",
            "license": "MIT"
        },
        "node_modules/rod-js": {
            "resolved": "..",
            "link": true
        },
        "node_modules/zod": {
            "version": "3.25.76",
            "resolved": "https://registry.npmjs.org/zod/-/zod-3.25.76.tgz",
            "integrity": "sha512-gzUt/qt81nXsFGKIFcC3YnfEAx5NkunCfnDlvuBSSFS02bcXu4Lmea0AFIUwbLWxWPx3d9p8S5QoaujKcNQxcQ==",
            "license": "MIT",
            "funding": {
                "url": "https://github.com/sponsors/colinhacks"
            }
        }
    }
}
